
Microsoft Visual Studio Solution File, Format Version 12.00
# Visual Studio Version 16
VisualStudioVersion = 16.0.29613.14
MinimumVisualStudioVersion = 10.0.40219.1
Project("{F184B08F-C81C-45F6-A57F-5ABD9991F28F}") = "COVIDProject", "VBProject2\COVIDProject.vbproj", "{126FC00C-1557-4E1A-97DA-968E7806C2A5}"
EndProject
Global
	GlobalSection(SolutionConfigurationPlatforms) = preSolution
		Debug|Any CPU = Debug|Any CPU
		Release|Any CPU = Release|Any CPU
	EndGlobalSection
	GlobalSection(ProjectConfigurationPlatforms) = postSolution
		{126FC00C-1557-4E1A-97DA-968E7806C2A5}.Debug|Any CPU.ActiveCfg = Debug|Any CPU
		{126FC00C-1557-4E1A-97DA-968E7806C2A5}.Debug|Any CPU.Build.0 = Debug|Any CPU
		{126FC00C-1557-4E1A-97DA-968E7806C2A5}.Release|Any CPU.ActiveCfg = Release|Any CPU
		{126FC00C-1557-4E1A-97DA-968E7806C2A5}.Release|Any CPU.Build.0 = Release|Any CPU
	EndGlobalSection
	GlobalSection(SolutionProperties) = preSolution
		HideSolutionNode = FALSE
	EndGlobalSection
	GlobalSection(ExtensibilityGlobals) = postSolution
		SolutionGuid = {9EF4C0EC-1F92-46FB-8DAD-55F3AF9E9991}
	EndGlobalSection
EndGlobal
